
Microsoft Visual Studio Solution File, Format Version 12.00
# Visual Studio Version 16
VisualStudioVersion = 16.0.30309.148
MinimumVisualStudioVersion = 10.0.40219.1
Project("{FAE04EC0-301F-11D3-BF4B-00C04F79EFBC}") = "Helper", "Helper.csproj", "{C93ACC38-6DE1-4C9C-9898-DA551690AABB}"
EndProject
Global
	GlobalSection(SolutionConfigurationPlatforms) = preSolution
		Debug|Any CPU = Debug|Any CPU
		Release|Any CPU = Release|Any CPU
	EndGlobalSection
	GlobalSection(ProjectConfigurationPlatforms) = postSolution
		{C93ACC38-6DE1-4C9C-9898-DA551690AABB}.Debug|Any CPU.ActiveCfg = Debug|Any CPU
		{C93ACC38-6DE1-4C9C-9898-DA551690AABB}.Debug|Any CPU.Build.0 = Debug|Any CPU
		{C93ACC38-6DE1-4C9C-9898-DA551690AABB}.Release|Any CPU.ActiveCfg = Release|Any CPU
		{C93ACC38-6DE1-4C9C-9898-DA551690AABB}.Release|Any CPU.Build.0 = Release|Any CPU
	EndGlobalSection
	GlobalSection(SolutionProperties) = preSolution
		HideSolutionNode = FALSE
	EndGlobalSection
	GlobalSection(ExtensibilityGlobals) = postSolution
		SolutionGuid = {73D182E3-546F-45BA-B96C-8517EF68D969}
	EndGlobalSection
EndGlobal
