
Microsoft Visual Studio Solution File, Format Version 12.00
# Visual Studio Version 16
VisualStudioVersion = 16.0.30309.148
MinimumVisualStudioVersion = 10.0.40219.1
Project("{FAE04EC0-301F-11D3-BF4B-00C04F79EFBC}") = "TagHelperTest", "TagHelperTest.csproj", "{8E4FE180-33AD-46BF-A81F-D1C291C04877}"
EndProject
Global
	GlobalSection(SolutionConfigurationPlatforms) = preSolution
		Debug|Any CPU = Debug|Any CPU
		Release|Any CPU = Release|Any CPU
	EndGlobalSection
	GlobalSection(ProjectConfigurationPlatforms) = postSolution
		{8E4FE180-33AD-46BF-A81F-D1C291C04877}.Debug|Any CPU.ActiveCfg = Debug|Any CPU
		{8E4FE180-33AD-46BF-A81F-D1C291C04877}.Debug|Any CPU.Build.0 = Debug|Any CPU
		{8E4FE180-33AD-46BF-A81F-D1C291C04877}.Release|Any CPU.ActiveCfg = Release|Any CPU
		{8E4FE180-33AD-46BF-A81F-D1C291C04877}.Release|Any CPU.Build.0 = Release|Any CPU
	EndGlobalSection
	GlobalSection(SolutionProperties) = preSolution
		HideSolutionNode = FALSE
	EndGlobalSection
	GlobalSection(ExtensibilityGlobals) = postSolution
		SolutionGuid = {3F348D85-D750-496E-BE95-BF0B3E9B5EBE}
	EndGlobalSection
EndGlobal
