
Microsoft Visual Studio Solution File, Format Version 12.00
# Visual Studio Version 16
VisualStudioVersion = 16.0.30309.148
MinimumVisualStudioVersion = 10.0.40219.1
Project("{FAE04EC0-301F-11D3-BF4B-00C04F79EFBC}") = "FormDataAnnotationsAndBinding", "FormDataAnnotationsAndBinding.csproj", "{D329C36C-EF9C-49BE-9C24-84800D679308}"
EndProject
Global
	GlobalSection(SolutionConfigurationPlatforms) = preSolution
		Debug|Any CPU = Debug|Any CPU
		Release|Any CPU = Release|Any CPU
	EndGlobalSection
	GlobalSection(ProjectConfigurationPlatforms) = postSolution
		{D329C36C-EF9C-49BE-9C24-84800D679308}.Debug|Any CPU.ActiveCfg = Debug|Any CPU
		{D329C36C-EF9C-49BE-9C24-84800D679308}.Debug|Any CPU.Build.0 = Debug|Any CPU
		{D329C36C-EF9C-49BE-9C24-84800D679308}.Release|Any CPU.ActiveCfg = Release|Any CPU
		{D329C36C-EF9C-49BE-9C24-84800D679308}.Release|Any CPU.Build.0 = Release|Any CPU
	EndGlobalSection
	GlobalSection(SolutionProperties) = preSolution
		HideSolutionNode = FALSE
	EndGlobalSection
	GlobalSection(ExtensibilityGlobals) = postSolution
		SolutionGuid = {8ACC31A8-1F6B-42B2-9A08-2D6EF54FFA0E}
	EndGlobalSection
EndGlobal
