
Microsoft Visual Studio Solution File, Format Version 12.00
# Visual Studio Version 16
VisualStudioVersion = 16.0.30309.148
MinimumVisualStudioVersion = 10.0.40219.1
Project("{9A19103F-16F7-4668-BE54-9A1E7A4F7556}") = "DotNetNote", "DotNetNote.csproj", "{F11E3D81-CCBE-4AAF-B115-F558256C58F1}"
EndProject
Global
	GlobalSection(SolutionConfigurationPlatforms) = preSolution
		Debug|Any CPU = Debug|Any CPU
		Release|Any CPU = Release|Any CPU
	EndGlobalSection
	GlobalSection(ProjectConfigurationPlatforms) = postSolution
		{F11E3D81-CCBE-4AAF-B115-F558256C58F1}.Debug|Any CPU.ActiveCfg = Debug|Any CPU
		{F11E3D81-CCBE-4AAF-B115-F558256C58F1}.Debug|Any CPU.Build.0 = Debug|Any CPU
		{F11E3D81-CCBE-4AAF-B115-F558256C58F1}.Release|Any CPU.ActiveCfg = Release|Any CPU
		{F11E3D81-CCBE-4AAF-B115-F558256C58F1}.Release|Any CPU.Build.0 = Release|Any CPU
	EndGlobalSection
	GlobalSection(SolutionProperties) = preSolution
		HideSolutionNode = FALSE
	EndGlobalSection
	GlobalSection(ExtensibilityGlobals) = postSolution
		SolutionGuid = {39EAFEF0-510C-433F-8189-32ECC55F0654}
	EndGlobalSection
EndGlobal
